// !$*UTF8*$!
{
	archiveVersion = 1;
	classes = {
	};
	objectVersion = 46;
	objects = {

/* Begin PBXBuildFile section */
		10D2CFF4187BD81500490C3A /* UIKit.framework in Frameworks */ = {isa = PBXBuildFile; fileRef = 10D2CFF3187BD81500490C3A /* UIKit.framework */; };
		10D2CFF6187BD81500490C3A /* Foundation.framework in Frameworks */ = {isa = PBXBuildFile; fileRef = 10D2CFF5187BD81500490C3A /* Foundation.framework */; };
		10D2CFF8187BD81500490C3A /* CoreGraphics.framework in Frameworks */ = {isa = PBXBuildFile; fileRef = 10D2CFF7187BD81500490C3A /* CoreGraphics.framework */; };
		10D2CFFE187BD81600490C3A /* InfoPlist.strings in Resources */ = {isa = PBXBuildFile; fileRef = 10D2CFFC187BD81600490C3A /* InfoPlist.strings */; };
		10D2D000187BD81600490C3A /* main.m in Sources */ = {isa = PBXBuildFile; fileRef = 10D2CFFF187BD81600490C3A /* main.m */; };
		10D2D004187BD81600490C3A /* AppDelegate.m in Sources */ = {isa = PBXBuildFile; fileRef = 10D2D003187BD81600490C3A /* AppDelegate.m */; };
		10D2D006187BD81600490C3A /* Default.png in Resources */ = {isa = PBXBuildFile; fileRef = 10D2D005187BD81600490C3A /* Default.png */; };
		10D2D008187BD81600490C3A /* Default@2x.png in Resources */ = {isa = PBXBuildFile; fileRef = 10D2D007187BD81600490C3A /* Default@2x.png */; };
		10D2D00A187BD81600490C3A /* Default-568h@2x.png in Resources */ = {isa = PBXBuildFile; fileRef = 10D2D009187BD81600490C3A /* Default-568h@2x.png */; };
		10D2D00D187BD81600490C3A /* ViewController.m in Sources */ = {isa = PBXBuildFile; fileRef = 10D2D00C187BD81600490C3A /* ViewController.m */; };
		10D2D010187BD81600490C3A /* ViewController.xib in Resources */ = {isa = PBXBuildFile; fileRef = 10D2D00E187BD81600490C3A /* ViewController.xib */; };
/* End PBXBuildFile section */

/* Begin PBXFileReference section */
		10D2CFF0187BD81500490C3A /* Test.app */ = {isa = PBXFileReference; explicitFileType = wrapper.application; includeInIndex = 0; path = Test.app; sourceTree = BUILT_PRODUCTS_DIR; };
		10D2CFF3187BD81500490C3A /* UIKit.framework */ = {isa = PBXFileReference; lastKnownFileType = wrapper.framework; name = UIKit.framework; path = System/Library/Frameworks/UIKit.framework; sourceTree = SDKROOT; };
		10D2CFF5187BD81500490C3A /* Foundation.framework */ = {isa = PBXFileReference; lastKnownFileType = wrapper.framework; name = Foundation.framework; path = System/Library/Frameworks/Foundation.framework; sourceTree = SDKROOT; };
		10D2CFF7187BD81500490C3A /* CoreGraphics.framework */ = {isa = PBXFileReference; lastKnownFileType = wrapper.framework; name = CoreGraphics.framework; path = System/Library/Frameworks/CoreGraphics.framework; sourceTree = SDKROOT; };
		10D2CFFB187BD81600490C3A /* Test-Info.plist */ = {isa = PBXFileReference; lastKnownFileType = text.plist.xml; path = "Test-Info.plist"; sourceTree = "<group>"; };
		10D2CFFD187BD81600490C3A /* en */ = {isa = PBXFileReference; lastKnownFileType = text.plist.strings; name = en; path = en.lproj/InfoPlist.strings; sourceTree = "<group>"; };
		10D2CFFF187BD81600490C3A /* main.m */ = {isa = PBXFileReference; lastKnownFileType = sourcecode.c.objc; path = main.m; sourceTree = "<group>"; };
		10D2D001187BD81600490C3A /* Test-Prefix.pch */ = {isa = PBXFileReference; lastKnownFileType = sourcecode.c.h; path = "Test-Prefix.pch"; sourceTree = "<group>"; };
		10D2D002187BD81600490C3A /* AppDelegate.h */ = {isa = PBXFileReference; lastKnownFileType = sourcecode.c.h; path = AppDelegate.h; sourceTree = "<group>"; };
		10D2D003187BD81600490C3A /* AppDelegate.m */ = {isa = PBXFileReference; lastKnownFileType = sourcecode.c.objc; path = AppDelegate.m; sourceTree = "<group>"; };
		10D2D005187BD81600490C3A /* Default.png */ = {isa = PBXFileReference; lastKnownFileType = image.png; path = Default.png; sourceTree = "<group>"; };
		10D2D007187BD81600490C3A /* Default@2x.png */ = {isa = PBXFileReference; lastKnownFileType = image.png; path = "Default@2x.png"; sourceTree = "<group>"; };
		10D2D009187BD81600490C3A /* Default-568h@2x.png */ = {isa = PBXFileReference; lastKnownFileType = image.png; path = "Default-568h@2x.png"; sourceTree = "<group>"; };
		10D2D00B187BD81600490C3A /* ViewController.h */ = {isa = PBXFileReference; lastKnownFileType = sourcecode.c.h; path = ViewController.h; sourceTree = "<group>"; };
		10D2D00C187BD81600490C3A /* ViewController.m */ = {isa = PBXFileReference; lastKnownFileType = sourcecode.c.objc; path = ViewController.m; sourceTree = "<group>"; };
		10D2D00F187BD81600490C3A /* en */ = {isa = PBXFileReference; lastKnownFileType = file.xib; name = en; path = en.lproj/ViewController.xib; sourceTree = "<group>"; };
/* End PBXFileReference section */

/* Begin PBXFrameworksBuildPhase section */
		10D2CFED187BD81500490C3A /* Frameworks */ = {
			isa = PBXFrameworksBuildPhase;
			buildActionMask = 2147483647;
			files = (
				10D2CFF4187BD81500490C3A /* UIKit.framework in Frameworks */,
				10D2CFF6187BD81500490C3A /* Foundation.framework in Frameworks */,
				10D2CFF8187BD81500490C3A /* CoreGraphics.framework in Frameworks */,
			);
			runOnlyForDeploymentPostprocessing = 0;
		};
/* End PBXFrameworksBuildPhase section */

/* Begin PBXGroup section */
		10D2CFE7187BD81500490C3A = {
			isa = PBXGroup;
			children = (
				10D2CFF9187BD81600490C3A /* Test */,
				10D2CFF2187BD81500490C3A /* Frameworks */,
				10D2CFF1187BD81500490C3A /* Products */,
			);
			sourceTree = "<group>";
		};
		10D2CFF1187BD81500490C3A /* Products */ = {
			isa = PBXGroup;
			children = (
				10D2CFF0187BD81500490C3A /* Test.app */,
			);
			name = Products;
			sourceTree = "<group>";
		};
		10D2CFF2187BD81500490C3A /* Frameworks */ = {
			isa = PBXGroup;
			children = (
				10D2CFF3187BD81500490C3A /* UIKit.framework */,
				10D2CFF5187BD81500490C3A /* Foundation.framework */,
				10D2CFF7187BD81500490C3A /* CoreGraphics.framework */,
			);
			name = Frameworks;
			sourceTree = "<group>";
		};
		10D2CFF9187BD81600490C3A /* Test */ = {
			isa = PBXGroup;
			children = (
				10D2D002187BD81600490C3A /* AppDelegate.h */,
				10D2D003187BD81600490C3A /* AppDelegate.m */,
				10D2D00B187BD81600490C3A /* ViewController.h */,
				10D2D00C187BD81600490C3A /* ViewController.m */,
				10D2D00E187BD81600490C3A /* ViewController.xib */,
				10D2CFFA187BD81600490C3A /* Supporting Files */,
			);
			path = Test;
			sourceTree = "<group>";
		};
		10D2CFFA187BD81600490C3A /* Supporting Files */ = {
			isa = PBXGroup;
			children = (
				10D2CFFB187BD81600490C3A /* Test-Info.plist */,
				10D2CFFC187BD81600490C3A /* InfoPlist.strings */,
				10D2CFFF187BD81600490C3A /* main.m */,
				10D2D001187BD81600490C3A /* Test-Prefix.pch */,
				10D2D005187BD81600490C3A /* Default.png */,
				10D2D007187BD81600490C3A /* Default@2x.png */,
				10D2D009187BD81600490C3A /* Default-568h@2x.png */,
			);
			name = "Supporting Files";
			sourceTree = "<group>";
		};
/* End PBXGroup section */

/* Begin PBXNativeTarget section */
		10D2CFEF187BD81500490C3A /* Test */ = {
			isa = PBXNativeTarget;
			buildConfigurationList = 10D2D013187BD81600490C3A /* Build configuration list for PBXNativeTarget "Test" */;
			buildPhases = (
				10D2CFEC187BD81500490C3A /* Sources */,
				10D2CFED187BD81500490C3A /* Frameworks */,
				10D2CFEE187BD81500490C3A /* Resources */,
			);
			buildRules = (
			);
			dependencies = (
			);
			name = Test;
			productName = Test;
			productReference = 10D2CFF0187BD81500490C3A /* Test.app */;
			productType = "com.apple.product-type.application";
		};
/* End PBXNativeTarget section */

/* Begin PBXProject section */
		10D2CFE8187BD81500490C3A /* Project object */ = {
			isa = PBXProject;
			attributes = {
				LastUpgradeCheck = 0460;
				ORGANIZATIONNAME = "王懿";
			};
			buildConfigurationList = 10D2CFEB187BD81500490C3A /* Build configuration list for PBXProject "Test" */;
			compatibilityVersion = "Xcode 3.2";
			developmentRegion = English;
			hasScannedForEncodings = 0;
			knownRegions = (
				en,
			);
			mainGroup = 10D2CFE7187BD81500490C3A;
			productRefGroup = 10D2CFF1187BD81500490C3A /* Products */;
			projectDirPath = "";
			projectRoot = "";
			targets = (
				10D2CFEF187BD81500490C3A /* Test */,
			);
		};
/* End PBXProject section */

/* Begin PBXResourcesBuildPhase section */
		10D2CFEE187BD81500490C3A /* Resources */ = {
			isa = PBXResourcesBuildPhase;
			buildActionMask = 2147483647;
			files = (
				10D2CFFE187BD81600490C3A /* InfoPlist.strings in Resources */,
				10D2D006187BD81600490C3A /* Default.png in Resources */,
				10D2D008187BD81600490C3A /* Default@2x.png in Resources */,
				10D2D00A187BD81600490C3A /* Default-568h@2x.png in Resources */,
				10D2D010187BD81600490C3A /* ViewController.xib in Resources */,
			);
			runOnlyForDeploymentPostprocessing = 0;
		};
/* End PBXResourcesBuildPhase section */

/* Begin PBXSourcesBuildPhase section */
		10D2CFEC187BD81500490C3A /* Sources */ = {
			isa = PBXSourcesBuildPhase;
			buildActionMask = 2147483647;
			files = (
				10D2D000187BD81600490C3A /* main.m in Sources */,
				10D2D004187BD81600490C3A /* AppDelegate.m in Sources */,
				10D2D00D187BD81600490C3A /* ViewController.m in Sources */,
			);
			runOnlyForDeploymentPostprocessing = 0;
		};
/* End PBXSourcesBuildPhase section */

/* Begin PBXVariantGroup section */
		10D2CFFC187BD81600490C3A /* InfoPlist.strings */ = {
			isa = PBXVariantGroup;
			children = (
				10D2CFFD187BD81600490C3A /* en */,
			);
			name = InfoPlist.strings;
			sourceTree = "<group>";
		};
		10D2D00E187BD81600490C3A /* ViewController.xib */ = {
			isa = PBXVariantGroup;
			children = (
				10D2D00F187BD81600490C3A /* en */,
			);
			name = ViewController.xib;
			sourceTree = "<group>";
		};
/* End PBXVariantGroup section */

/* Begin XCBuildConfiguration section */
		10D2D011187BD81600490C3A /* Debug */ = {
			isa = XCBuildConfiguration;
			buildSettings = {
				ALWAYS_SEARCH_USER_PATHS = NO;
				CLANG_CXX_LANGUAGE_STANDARD = "gnu++0x";
				CLANG_CXX_LIBRARY = "libc++";
				CLANG_ENABLE_OBJC_ARC = YES;
				CLANG_WARN_CONSTANT_CONVERSION = YES;
				CLANG_WARN_EMPTY_BODY = YES;
				CLANG_WARN_ENUM_CONVERSION = YES;
				CLANG_WARN_INT_CONVERSION = YES;
				CLANG_WARN__DUPLICATE_METHOD_MATCH = YES;
				"CODE_SIGN_IDENTITY[sdk=iphoneos*]" = "iPhone Developer";
				COPY_PHASE_STRIP = NO;
				GCC_C_LANGUAGE_STANDARD = gnu99;
				GCC_DYNAMIC_NO_PIC = NO;
				GCC_OPTIMIZATION_LEVEL = 0;
				GCC_PREPROCESSOR_DEFINITIONS = (
					"DEBUG=1",
					"$(inherited)",
				);
				GCC_SYMBOLS_PRIVATE_EXTERN = NO;
				GCC_WARN_ABOUT_RETURN_TYPE = YES;
				GCC_WARN_UNINITIALIZED_AUTOS = YES;
				GCC_WARN_UNUSED_VARIABLE = YES;
				IPHONEOS_DEPLOYMENT_TARGET = 6.1;
				ONLY_ACTIVE_ARCH = YES;
				SDKROOT = iphoneos;
			};
			name = Debug;
		};
		10D2D012187BD81600490C3A /* Release */ = {
			isa = XCBuildConfiguration;
			buildSettings = {
				ALWAYS_SEARCH_USER_PATHS = NO;
				CLANG_CXX_LANGUAGE_STANDARD = "gnu++0x";
				CLANG_CXX_LIBRARY = "libc++";
				CLANG_ENABLE_OBJC_ARC = YES;
				CLANG_WARN_CONSTANT_CONVERSION = YES;
				CLANG_WARN_EMPTY_BODY = YES;
				CLANG_WARN_ENUM_CONVERSION = YES;
				CLANG_WARN_INT_CONVERSION = YES;
				CLANG_WARN__DUPLICATE_METHOD_MATCH = YES;
				"CODE_SIGN_IDENTITY[sdk=iphoneos*]" = "iPhone Developer";
				COPY_PHASE_STRIP = YES;
				GCC_C_LANGUAGE_STANDARD = gnu99;
				GCC_WARN_ABOUT_RETURN_TYPE = YES;
				GCC_WARN_UNINITIALIZED_AUTOS = YES;
				GCC_WARN_UNUSED_VARIABLE = YES;
				IPHONEOS_DEPLOYMENT_TARGET = 6.1;
				OTHER_CFLAGS = "-DNS_BLOCK_ASSERTIONS=1";
				SDKROOT = iphoneos;
				VALIDATE_PRODUCT = YES;
			};
			name = Release;
		};
		10D2D014187BD81600490C3A /* Debug */ = {
			isa = XCBuildConfiguration;
			buildSettings = {
				GCC_PRECOMPILE_PREFIX_HEADER = YES;
				GCC_PREFIX_HEADER = "Test/Test-Prefix.pch";
				INFOPLIST_FILE = "Test/Test-Info.plist";
				PRODUCT_NAME = "$(TARGET_NAME)";
				WRAPPER_EXTENSION = app;
			};
			name = Debug;
		};
		10D2D015187BD81600490C3A /* Release */ = {
			isa = XCBuildConfiguration;
			buildSettings = {
				GCC_PRECOMPILE_PREFIX_HEADER = YES;
				GCC_PREFIX_HEADER = "Test/Test-Prefix.pch";
				INFOPLIST_FILE = "Test/Test-Info.plist";
				PRODUCT_NAME = "$(TARGET_NAME)";
				WRAPPER_EXTENSION = app;
			};
			name = Release;
		};
/* End XCBuildConfiguration section */

/* Begin XCConfigurationList section */
		10D2CFEB187BD81500490C3A /* Build configuration list for PBXProject "Test" */ = {
			isa = XCConfigurationList;
			buildConfigurations = (
				10D2D011187BD81600490C3A /* Debug */,
				10D2D012187BD81600490C3A /* Release */,
			);
			defaultConfigurationIsVisible = 0;
			defaultConfigurationName = Release;
		};
		10D2D013187BD81600490C3A /* Build configuration list for PBXNativeTarget "Test" */ = {
			isa = XCConfigurationList;
			buildConfigurations = (
				10D2D014187BD81600490C3A /* Debug */,
				10D2D015187BD81600490C3A /* Release */,
			);
			defaultConfigurationIsVisible = 0;
		};
/* End XCConfigurationList section */
	};
	rootObject = 10D2CFE8187BD81500490C3A /* Project object */;
}
